
Microsoft Visual Studio Solution File, Format Version 12.00
# Visual Studio Version 17
VisualStudioVersion = 17.8.34330.188
MinimumVisualStudioVersion = 10.0.40219.1
Project("{9A19103F-16F7-4668-BE54-9A1E7A4F7556}") = "Portfolyo", "Portfolyo\Portfolyo.csproj", "{E4D85D9C-646D-443F-A39F-A109D2D454CC}"
EndProject
Project("{9A19103F-16F7-4668-BE54-9A1E7A4F7556}") = "BusinessLayer", "BusinessLayer\BusinessLayer.csproj", "{8345FD9A-2EDD-4179-9CB5-E82DAB9F9869}"
EndProject
Project("{9A19103F-16F7-4668-BE54-9A1E7A4F7556}") = "DataAccessLayer", "DataAccessLayer\DataAccessLayer.csproj", "{3487B59F-532A-4815-B246-4B044961BDFC}"
EndProject
Project("{9A19103F-16F7-4668-BE54-9A1E7A4F7556}") = "EntityLayer", "EntityLayer\EntityLayer.csproj", "{4CB43685-6DC1-4D40-9AD0-A83C488AAD08}"
EndProject
Project("{FAE04EC0-301F-11D3-BF4B-00C04F79EFBC}") = "CoreProjeApi", "CoreProjeApi\CoreProjeApi.csproj", "{2271850E-E294-4ACE-BD7B-B1844658EC61}"
EndProject
Global
	GlobalSection(SolutionConfigurationPlatforms) = preSolution
		Debug|Any CPU = Debug|Any CPU
		Release|Any CPU = Release|Any CPU
	EndGlobalSection
	GlobalSection(ProjectConfigurationPlatforms) = postSolution
		{E4D85D9C-646D-443F-A39F-A109D2D454CC}.Debug|Any CPU.ActiveCfg = Debug|Any CPU
		{E4D85D9C-646D-443F-A39F-A109D2D454CC}.Debug|Any CPU.Build.0 = Debug|Any CPU
		{E4D85D9C-646D-443F-A39F-A109D2D454CC}.Release|Any CPU.ActiveCfg = Release|Any CPU
		{E4D85D9C-646D-443F-A39F-A109D2D454CC}.Release|Any CPU.Build.0 = Release|Any CPU
		{8345FD9A-2EDD-4179-9CB5-E82DAB9F9869}.Debug|Any CPU.ActiveCfg = Debug|Any CPU
		{8345FD9A-2EDD-4179-9CB5-E82DAB9F9869}.Debug|Any CPU.Build.0 = Debug|Any CPU
		{8345FD9A-2EDD-4179-9CB5-E82DAB9F9869}.Release|Any CPU.ActiveCfg = Release|Any CPU
		{8345FD9A-2EDD-4179-9CB5-E82DAB9F9869}.Release|Any CPU.Build.0 = Release|Any CPU
		{3487B59F-532A-4815-B246-4B044961BDFC}.Debug|Any CPU.ActiveCfg = Debug|Any CPU
		{3487B59F-532A-4815-B246-4B044961BDFC}.Debug|Any CPU.Build.0 = Debug|Any CPU
		{3487B59F-532A-4815-B246-4B044961BDFC}.Release|Any CPU.ActiveCfg = Release|Any CPU
		{3487B59F-532A-4815-B246-4B044961BDFC}.Release|Any CPU.Build.0 = Release|Any CPU
		{4CB43685-6DC1-4D40-9AD0-A83C488AAD08}.Debug|Any CPU.ActiveCfg = Debug|Any CPU
		{4CB43685-6DC1-4D40-9AD0-A83C488AAD08}.Debug|Any CPU.Build.0 = Debug|Any CPU
		{4CB43685-6DC1-4D40-9AD0-A83C488AAD08}.Release|Any CPU.ActiveCfg = Release|Any CPU
		{4CB43685-6DC1-4D40-9AD0-A83C488AAD08}.Release|Any CPU.Build.0 = Release|Any CPU
		{2271850E-E294-4ACE-BD7B-B1844658EC61}.Debug|Any CPU.ActiveCfg = Debug|Any CPU
		{2271850E-E294-4ACE-BD7B-B1844658EC61}.Debug|Any CPU.Build.0 = Debug|Any CPU
		{2271850E-E294-4ACE-BD7B-B1844658EC61}.Release|Any CPU.ActiveCfg = Release|Any CPU
		{2271850E-E294-4ACE-BD7B-B1844658EC61}.Release|Any CPU.Build.0 = Release|Any CPU
	EndGlobalSection
	GlobalSection(SolutionProperties) = preSolution
		HideSolutionNode = FALSE
	EndGlobalSection
	GlobalSection(ExtensibilityGlobals) = postSolution
		SolutionGuid = {97C05904-E31C-41D6-A56B-50CEF0F90D11}
	EndGlobalSection
EndGlobal
